
Microsoft Visual Studio Solution File, Format Version 12.00
# Visual Studio Version 17
VisualStudioVersion = 17.2.32616.157
MinimumVisualStudioVersion = 10.0.40219.1
Project("{2150E333-8FDC-42A3-9474-1A3956D46DE8}") = "src", "src", "{6635FB65-0D25-418F-BCF2-EA4D52A284D2}"
EndProject
Project("{2150E333-8FDC-42A3-9474-1A3956D46DE8}") = "Core", "Core", "{97059A77-D87A-4CBB-B590-B1DA191E79EA}"
EndProject
Project("{2150E333-8FDC-42A3-9474-1A3956D46DE8}") = "Infrastructure", "Infrastructure", "{2050C2F2-8C24-4A09-AA45-B3551A39C7C5}"
EndProject
Project("{9A19103F-16F7-4668-BE54-9A1E7A4F7556}") = "VPMS.Application", "VPMS.Application\VPMS.Application.csproj", "{FE94E011-B5C8-4001-B646-AFE947A8E97D}"
EndProject
Project("{9A19103F-16F7-4668-BE54-9A1E7A4F7556}") = "VPMS.Domain", "VPMS.Domain\VPMS.Domain.csproj", "{D69F9170-3854-4CE1-B26E-B95D6FC10658}"
EndProject
Project("{9A19103F-16F7-4668-BE54-9A1E7A4F7556}") = "VPMS.SharedKernel", "VPMS.SharedKernel\VPMS.SharedKernel.csproj", "{FA9C620B-779A-44DE-BD0C-10B79569C795}"
EndProject
Project("{9A19103F-16F7-4668-BE54-9A1E7A4F7556}") = "VPMS.Infrastructure", "VPMS.Infrastructure\VPMS.Infrastructure.csproj", "{8404E5FC-46DC-4B73-926D-25513CEF36B5}"
EndProject
Project("{9A19103F-16F7-4668-BE54-9A1E7A4F7556}") = "VPMS.Persistence", "VPMS.Persistence\VPMS.Persistence.csproj", "{7A723AD3-93A7-43B5-82B6-8CFB6EBFB00F}"
EndProject
Project("{9A19103F-16F7-4668-BE54-9A1E7A4F7556}") = "VPMS.Api", "VPMS.Api\VPMS.Api.csproj", "{895B8576-E9D8-4B34-9B3C-39DCA354AE54}"
EndProject
Global
	GlobalSection(SolutionConfigurationPlatforms) = preSolution
		Debug|Any CPU = Debug|Any CPU
		Release|Any CPU = Release|Any CPU
	EndGlobalSection
	GlobalSection(ProjectConfigurationPlatforms) = postSolution
		{FE94E011-B5C8-4001-B646-AFE947A8E97D}.Debug|Any CPU.ActiveCfg = Debug|Any CPU
		{FE94E011-B5C8-4001-B646-AFE947A8E97D}.Debug|Any CPU.Build.0 = Debug|Any CPU
		{FE94E011-B5C8-4001-B646-AFE947A8E97D}.Release|Any CPU.ActiveCfg = Release|Any CPU
		{FE94E011-B5C8-4001-B646-AFE947A8E97D}.Release|Any CPU.Build.0 = Release|Any CPU
		{D69F9170-3854-4CE1-B26E-B95D6FC10658}.Debug|Any CPU.ActiveCfg = Debug|Any CPU
		{D69F9170-3854-4CE1-B26E-B95D6FC10658}.Debug|Any CPU.Build.0 = Debug|Any CPU
		{D69F9170-3854-4CE1-B26E-B95D6FC10658}.Release|Any CPU.ActiveCfg = Release|Any CPU
		{D69F9170-3854-4CE1-B26E-B95D6FC10658}.Release|Any CPU.Build.0 = Release|Any CPU
		{FA9C620B-779A-44DE-BD0C-10B79569C795}.Debug|Any CPU.ActiveCfg = Debug|Any CPU
		{FA9C620B-779A-44DE-BD0C-10B79569C795}.Debug|Any CPU.Build.0 = Debug|Any CPU
		{FA9C620B-779A-44DE-BD0C-10B79569C795}.Release|Any CPU.ActiveCfg = Release|Any CPU
		{FA9C620B-779A-44DE-BD0C-10B79569C795}.Release|Any CPU.Build.0 = Release|Any CPU
		{8404E5FC-46DC-4B73-926D-25513CEF36B5}.Debug|Any CPU.ActiveCfg = Debug|Any CPU
		{8404E5FC-46DC-4B73-926D-25513CEF36B5}.Debug|Any CPU.Build.0 = Debug|Any CPU
		{8404E5FC-46DC-4B73-926D-25513CEF36B5}.Release|Any CPU.ActiveCfg = Release|Any CPU
		{8404E5FC-46DC-4B73-926D-25513CEF36B5}.Release|Any CPU.Build.0 = Release|Any CPU
		{7A723AD3-93A7-43B5-82B6-8CFB6EBFB00F}.Debug|Any CPU.ActiveCfg = Debug|Any CPU
		{7A723AD3-93A7-43B5-82B6-8CFB6EBFB00F}.Debug|Any CPU.Build.0 = Debug|Any CPU
		{7A723AD3-93A7-43B5-82B6-8CFB6EBFB00F}.Release|Any CPU.ActiveCfg = Release|Any CPU
		{7A723AD3-93A7-43B5-82B6-8CFB6EBFB00F}.Release|Any CPU.Build.0 = Release|Any CPU
		{895B8576-E9D8-4B34-9B3C-39DCA354AE54}.Debug|Any CPU.ActiveCfg = Debug|Any CPU
		{895B8576-E9D8-4B34-9B3C-39DCA354AE54}.Debug|Any CPU.Build.0 = Debug|Any CPU
		{895B8576-E9D8-4B34-9B3C-39DCA354AE54}.Release|Any CPU.ActiveCfg = Release|Any CPU
		{895B8576-E9D8-4B34-9B3C-39DCA354AE54}.Release|Any CPU.Build.0 = Release|Any CPU
	EndGlobalSection
	GlobalSection(SolutionProperties) = preSolution
		HideSolutionNode = FALSE
	EndGlobalSection
	GlobalSection(NestedProjects) = preSolution
		{97059A77-D87A-4CBB-B590-B1DA191E79EA} = {6635FB65-0D25-418F-BCF2-EA4D52A284D2}
		{2050C2F2-8C24-4A09-AA45-B3551A39C7C5} = {6635FB65-0D25-418F-BCF2-EA4D52A284D2}
		{FE94E011-B5C8-4001-B646-AFE947A8E97D} = {97059A77-D87A-4CBB-B590-B1DA191E79EA}
		{D69F9170-3854-4CE1-B26E-B95D6FC10658} = {97059A77-D87A-4CBB-B590-B1DA191E79EA}
		{FA9C620B-779A-44DE-BD0C-10B79569C795} = {97059A77-D87A-4CBB-B590-B1DA191E79EA}
		{8404E5FC-46DC-4B73-926D-25513CEF36B5} = {2050C2F2-8C24-4A09-AA45-B3551A39C7C5}
		{7A723AD3-93A7-43B5-82B6-8CFB6EBFB00F} = {2050C2F2-8C24-4A09-AA45-B3551A39C7C5}
		{895B8576-E9D8-4B34-9B3C-39DCA354AE54} = {6635FB65-0D25-418F-BCF2-EA4D52A284D2}
	EndGlobalSection
	GlobalSection(ExtensibilityGlobals) = postSolution
		SolutionGuid = {71B88308-24CA-4516-B4DD-395A21A18623}
	EndGlobalSection
EndGlobal
